
Microsoft Visual Studio Solution File, Format Version 12.00
# Visual Studio Version 17
VisualStudioVersion = 17.11.35327.3
MinimumVisualStudioVersion = 10.0.40219.1
Project("{FAE04EC0-301F-11D3-BF4B-00C04F79EFBC}") = "Simple Flashcard Flipper", "Simple Flashcard Flipper\Simple Flashcard Flipper.csproj", "{79116D7B-953B-45C8-85A8-84DA7A59555B}"
EndProject
Global
	GlobalSection(SolutionConfigurationPlatforms) = preSolution
		Debug|Any CPU = Debug|Any CPU
		Release|Any CPU = Release|Any CPU
	EndGlobalSection
	GlobalSection(ProjectConfigurationPlatforms) = postSolution
		{79116D7B-953B-45C8-85A8-84DA7A59555B}.Debug|Any CPU.ActiveCfg = Debug|Any CPU
		{79116D7B-953B-45C8-85A8-84DA7A59555B}.Debug|Any CPU.Build.0 = Debug|Any CPU
		{79116D7B-953B-45C8-85A8-84DA7A59555B}.Release|Any CPU.ActiveCfg = Release|Any CPU
		{79116D7B-953B-45C8-85A8-84DA7A59555B}.Release|Any CPU.Build.0 = Release|Any CPU
	EndGlobalSection
	GlobalSection(SolutionProperties) = preSolution
		HideSolutionNode = FALSE
	EndGlobalSection
	GlobalSection(ExtensibilityGlobals) = postSolution
		SolutionGuid = {76E1594A-04C6-47AA-907C-DAFB3698AAF6}
	EndGlobalSection
EndGlobal
